
Microsoft Visual Studio Solution File, Format Version 12.00
# Visual Studio Version 17
VisualStudioVersion = 17.4.33403.182
MinimumVisualStudioVersion = 10.0.40219.1
Project("{FAE04EC0-301F-11D3-BF4B-00C04F79EFBC}") = "DisposableExample", "DisposableExample\DisposableExample.csproj", "{78C3C4B8-862C-49FA-8133-420F3BEFE460}"
EndProject
Global
	GlobalSection(SolutionConfigurationPlatforms) = preSolution
		Debug|Any CPU = Debug|Any CPU
		Release|Any CPU = Release|Any CPU
	EndGlobalSection
	GlobalSection(ProjectConfigurationPlatforms) = postSolution
		{78C3C4B8-862C-49FA-8133-420F3BEFE460}.Debug|Any CPU.ActiveCfg = Debug|Any CPU
		{78C3C4B8-862C-49FA-8133-420F3BEFE460}.Debug|Any CPU.Build.0 = Debug|Any CPU
		{78C3C4B8-862C-49FA-8133-420F3BEFE460}.Release|Any CPU.ActiveCfg = Release|Any CPU
		{78C3C4B8-862C-49FA-8133-420F3BEFE460}.Release|Any CPU.Build.0 = Release|Any CPU
	EndGlobalSection
	GlobalSection(SolutionProperties) = preSolution
		HideSolutionNode = FALSE
	EndGlobalSection
	GlobalSection(ExtensibilityGlobals) = postSolution
		SolutionGuid = {92064F33-10BF-4F5C-AE9A-F4BBC9E35CCB}
	EndGlobalSection
EndGlobal
