
Microsoft Visual Studio Solution File, Format Version 12.00
# Visual Studio Version 17
VisualStudioVersion = 17.4.33213.308
MinimumVisualStudioVersion = 10.0.40219.1
Project("{FAE04EC0-301F-11D3-BF4B-00C04F79EFBC}") = "DiamondProblem", "DiamondProblem\DiamondProblem.csproj", "{6EC02964-0EE5-4DB5-8C8D-438BF4586C69}"
EndProject
Global
	GlobalSection(SolutionConfigurationPlatforms) = preSolution
		Debug|Any CPU = Debug|Any CPU
		Release|Any CPU = Release|Any CPU
	EndGlobalSection
	GlobalSection(ProjectConfigurationPlatforms) = postSolution
		{6EC02964-0EE5-4DB5-8C8D-438BF4586C69}.Debug|Any CPU.ActiveCfg = Debug|Any CPU
		{6EC02964-0EE5-4DB5-8C8D-438BF4586C69}.Debug|Any CPU.Build.0 = Debug|Any CPU
		{6EC02964-0EE5-4DB5-8C8D-438BF4586C69}.Release|Any CPU.ActiveCfg = Release|Any CPU
		{6EC02964-0EE5-4DB5-8C8D-438BF4586C69}.Release|Any CPU.Build.0 = Release|Any CPU
	EndGlobalSection
	GlobalSection(SolutionProperties) = preSolution
		HideSolutionNode = FALSE
	EndGlobalSection
	GlobalSection(ExtensibilityGlobals) = postSolution
		SolutionGuid = {F614E1BF-90F1-414D-BD1C-C1920CBF2519}
	EndGlobalSection
EndGlobal
