
Microsoft Visual Studio Solution File, Format Version 12.00
# Visual Studio Version 17
VisualStudioVersion = 17.4.33213.308
MinimumVisualStudioVersion = 10.0.40219.1
Project("{FAE04EC0-301F-11D3-BF4B-00C04F79EFBC}") = "MultipleInheritance", "MultipleInheritance\MultipleInheritance.csproj", "{05649601-901E-4F65-B639-FE7A592F544B}"
EndProject
Global
	GlobalSection(SolutionConfigurationPlatforms) = preSolution
		Debug|Any CPU = Debug|Any CPU
		Release|Any CPU = Release|Any CPU
	EndGlobalSection
	GlobalSection(ProjectConfigurationPlatforms) = postSolution
		{05649601-901E-4F65-B639-FE7A592F544B}.Debug|Any CPU.ActiveCfg = Debug|Any CPU
		{05649601-901E-4F65-B639-FE7A592F544B}.Debug|Any CPU.Build.0 = Debug|Any CPU
		{05649601-901E-4F65-B639-FE7A592F544B}.Release|Any CPU.ActiveCfg = Release|Any CPU
		{05649601-901E-4F65-B639-FE7A592F544B}.Release|Any CPU.Build.0 = Release|Any CPU
	EndGlobalSection
	GlobalSection(SolutionProperties) = preSolution
		HideSolutionNode = FALSE
	EndGlobalSection
	GlobalSection(ExtensibilityGlobals) = postSolution
		SolutionGuid = {3C46839D-FB28-4F16-99F2-11FA177CFD1C}
	EndGlobalSection
EndGlobal
