
Microsoft Visual Studio Solution File, Format Version 12.00
# Visual Studio Version 17
VisualStudioVersion = 17.4.33213.308
MinimumVisualStudioVersion = 10.0.40219.1
Project("{FAE04EC0-301F-11D3-BF4B-00C04F79EFBC}") = "SortedlistGen", "SortedlistGen\SortedlistGen.csproj", "{76BB4E6C-8750-43A7-8285-15F4D0D43C2D}"
EndProject
Global
	GlobalSection(SolutionConfigurationPlatforms) = preSolution
		Debug|Any CPU = Debug|Any CPU
		Release|Any CPU = Release|Any CPU
	EndGlobalSection
	GlobalSection(ProjectConfigurationPlatforms) = postSolution
		{76BB4E6C-8750-43A7-8285-15F4D0D43C2D}.Debug|Any CPU.ActiveCfg = Debug|Any CPU
		{76BB4E6C-8750-43A7-8285-15F4D0D43C2D}.Debug|Any CPU.Build.0 = Debug|Any CPU
		{76BB4E6C-8750-43A7-8285-15F4D0D43C2D}.Release|Any CPU.ActiveCfg = Release|Any CPU
		{76BB4E6C-8750-43A7-8285-15F4D0D43C2D}.Release|Any CPU.Build.0 = Release|Any CPU
	EndGlobalSection
	GlobalSection(SolutionProperties) = preSolution
		HideSolutionNode = FALSE
	EndGlobalSection
	GlobalSection(ExtensibilityGlobals) = postSolution
		SolutionGuid = {7FB2E167-C7F0-4E6F-9A5F-A8CFA39F77EE}
	EndGlobalSection
EndGlobal
